
Microsoft Visual Studio Solution File, Format Version 12.00
# Visual Studio Version 17
VisualStudioVersion = 17.5.002.0
MinimumVisualStudioVersion = 10.0.40219.1
Project("{9A19103F-16F7-4668-BE54-9A1E7A4F7556}") = "ExemploFundamentos", "ExemploFundamentos.csproj", "{838DBAA9-9095-4B3A-884C-DD6ABE7D1F85}"
EndProject
Global
	GlobalSection(SolutionConfigurationPlatforms) = preSolution
		Debug|Any CPU = Debug|Any CPU
		Release|Any CPU = Release|Any CPU
	EndGlobalSection
	GlobalSection(ProjectConfigurationPlatforms) = postSolution
		{838DBAA9-9095-4B3A-884C-DD6ABE7D1F85}.Debug|Any CPU.ActiveCfg = Debug|Any CPU
		{838DBAA9-9095-4B3A-884C-DD6ABE7D1F85}.Debug|Any CPU.Build.0 = Debug|Any CPU
		{838DBAA9-9095-4B3A-884C-DD6ABE7D1F85}.Release|Any CPU.ActiveCfg = Release|Any CPU
		{838DBAA9-9095-4B3A-884C-DD6ABE7D1F85}.Release|Any CPU.Build.0 = Release|Any CPU
	EndGlobalSection
	GlobalSection(SolutionProperties) = preSolution
		HideSolutionNode = FALSE
	EndGlobalSection
	GlobalSection(ExtensibilityGlobals) = postSolution
		SolutionGuid = {99185742-B0E0-4C47-A6BD-FC4CD91BA6AB}
	EndGlobalSection
EndGlobal
