
Microsoft Visual Studio Solution File, Format Version 12.00
# Visual Studio Version 17
VisualStudioVersion = 17.0.31903.59
MinimumVisualStudioVersion = 10.0.40219.1
Project("{FAE04EC0-301F-11D3-BF4B-00C04F79EFBC}") = "ExemploFundamentos", "ExemploFundamentos\ExemploFundamentos.csproj", "{57E44F83-91B4-4AC5-A9F7-DD31FAD5EF4C}"
EndProject
Project("{FAE04EC0-301F-11D3-BF4B-00C04F79EFBC}") = "ExemploFundamentos.Common", "ExemploFundamentos.Common\ExemploFundamentos.Common.csproj", "{75FA36C2-96EC-4960-9FA7-1EAA20E07805}"
EndProject
Global
	GlobalSection(SolutionConfigurationPlatforms) = preSolution
		Debug|Any CPU = Debug|Any CPU
		Release|Any CPU = Release|Any CPU
	EndGlobalSection
	GlobalSection(SolutionProperties) = preSolution
		HideSolutionNode = FALSE
	EndGlobalSection
	GlobalSection(ProjectConfigurationPlatforms) = postSolution
		{57E44F83-91B4-4AC5-A9F7-DD31FAD5EF4C}.Debug|Any CPU.ActiveCfg = Debug|Any CPU
		{57E44F83-91B4-4AC5-A9F7-DD31FAD5EF4C}.Debug|Any CPU.Build.0 = Debug|Any CPU
		{57E44F83-91B4-4AC5-A9F7-DD31FAD5EF4C}.Release|Any CPU.ActiveCfg = Release|Any CPU
		{57E44F83-91B4-4AC5-A9F7-DD31FAD5EF4C}.Release|Any CPU.Build.0 = Release|Any CPU
		{75FA36C2-96EC-4960-9FA7-1EAA20E07805}.Debug|Any CPU.ActiveCfg = Debug|Any CPU
		{75FA36C2-96EC-4960-9FA7-1EAA20E07805}.Debug|Any CPU.Build.0 = Debug|Any CPU
		{75FA36C2-96EC-4960-9FA7-1EAA20E07805}.Release|Any CPU.ActiveCfg = Release|Any CPU
		{75FA36C2-96EC-4960-9FA7-1EAA20E07805}.Release|Any CPU.Build.0 = Release|Any CPU
	EndGlobalSection
EndGlobal
